
Microsoft Visual Studio Solution File, Format Version 12.00
# Visual Studio Version 16
VisualStudioVersion = 16.0.29920.165
MinimumVisualStudioVersion = 10.0.40219.1
Project("{8BC9CEB8-8B4A-11D0-8D11-00A0C91BC942}") = "Chapter13", "Chapter13\Chapter13.vcxproj", "{5ECEAD01-0FEB-447E-A998-79A674C2D534}"
EndProject
Project("{8BC9CEB8-8B4A-11D0-8D11-00A0C91BC942}") = "Chapter14", "Chapter14\Chapter14.vcxproj", "{0AD12B42-D563-4406-A4A0-07CA3108C7BE}"
EndProject
Project("{8BC9CEB8-8B4A-11D0-8D11-00A0C91BC942}") = "Chapter15", "Chapter15\Chapter15.vcxproj", "{ACAD64A6-3FF1-46E3-BD2A-14FB653AC0D6}"
EndProject
Project("{8BC9CEB8-8B4A-11D0-8D11-00A0C91BC942}") = "Chapter12", "Chapter12\Chapter12.vcxproj", "{0A4C2A64-5E03-4751-A6BF-2464593D726E}"
EndProject
Project("{8BC9CEB8-8B4A-11D0-8D11-00A0C91BC942}") = "Chapter16", "Chapter16\Chapter16.vcxproj", "{3540CCBF-E72D-40E8-B460-6124B8DD0C50}"
EndProject
Global
	GlobalSection(SolutionConfigurationPlatforms) = preSolution
		Debug|x64 = Debug|x64
		Debug|x86 = Debug|x86
		Release|x64 = Release|x64
		Release|x86 = Release|x86
	EndGlobalSection
	GlobalSection(ProjectConfigurationPlatforms) = postSolution
		{5ECEAD01-0FEB-447E-A998-79A674C2D534}.Debug|x64.ActiveCfg = Debug|x64
		{5ECEAD01-0FEB-447E-A998-79A674C2D534}.Debug|x64.Build.0 = Debug|x64
		{5ECEAD01-0FEB-447E-A998-79A674C2D534}.Debug|x86.ActiveCfg = Debug|Win32
		{5ECEAD01-0FEB-447E-A998-79A674C2D534}.Debug|x86.Build.0 = Debug|Win32
		{5ECEAD01-0FEB-447E-A998-79A674C2D534}.Release|x64.ActiveCfg = Release|x64
		{5ECEAD01-0FEB-447E-A998-79A674C2D534}.Release|x64.Build.0 = Release|x64
		{5ECEAD01-0FEB-447E-A998-79A674C2D534}.Release|x86.ActiveCfg = Release|Win32
		{5ECEAD01-0FEB-447E-A998-79A674C2D534}.Release|x86.Build.0 = Release|Win32
		{0AD12B42-D563-4406-A4A0-07CA3108C7BE}.Debug|x64.ActiveCfg = Debug|x64
		{0AD12B42-D563-4406-A4A0-07CA3108C7BE}.Debug|x64.Build.0 = Debug|x64
		{0AD12B42-D563-4406-A4A0-07CA3108C7BE}.Debug|x86.ActiveCfg = Debug|Win32
		{0AD12B42-D563-4406-A4A0-07CA3108C7BE}.Debug|x86.Build.0 = Debug|Win32
		{0AD12B42-D563-4406-A4A0-07CA3108C7BE}.Release|x64.ActiveCfg = Release|x64
		{0AD12B42-D563-4406-A4A0-07CA3108C7BE}.Release|x64.Build.0 = Release|x64
		{0AD12B42-D563-4406-A4A0-07CA3108C7BE}.Release|x86.ActiveCfg = Release|Win32
		{0AD12B42-D563-4406-A4A0-07CA3108C7BE}.Release|x86.Build.0 = Release|Win32
		{ACAD64A6-3FF1-46E3-BD2A-14FB653AC0D6}.Debug|x64.ActiveCfg = Debug|x64
		{ACAD64A6-3FF1-46E3-BD2A-14FB653AC0D6}.Debug|x64.Build.0 = Debug|x64
		{ACAD64A6-3FF1-46E3-BD2A-14FB653AC0D6}.Debug|x86.ActiveCfg = Debug|Win32
		{ACAD64A6-3FF1-46E3-BD2A-14FB653AC0D6}.Debug|x86.Build.0 = Debug|Win32
		{ACAD64A6-3FF1-46E3-BD2A-14FB653AC0D6}.Release|x64.ActiveCfg = Release|x64
		{ACAD64A6-3FF1-46E3-BD2A-14FB653AC0D6}.Release|x64.Build.0 = Release|x64
		{ACAD64A6-3FF1-46E3-BD2A-14FB653AC0D6}.Release|x86.ActiveCfg = Release|Win32
		{ACAD64A6-3FF1-46E3-BD2A-14FB653AC0D6}.Release|x86.Build.0 = Release|Win32
		{0A4C2A64-5E03-4751-A6BF-2464593D726E}.Debug|x64.ActiveCfg = Debug|x64
		{0A4C2A64-5E03-4751-A6BF-2464593D726E}.Debug|x64.Build.0 = Debug|x64
		{0A4C2A64-5E03-4751-A6BF-2464593D726E}.Debug|x86.ActiveCfg = Debug|Win32
		{0A4C2A64-5E03-4751-A6BF-2464593D726E}.Debug|x86.Build.0 = Debug|Win32
		{0A4C2A64-5E03-4751-A6BF-2464593D726E}.Release|x64.ActiveCfg = Release|x64
		{0A4C2A64-5E03-4751-A6BF-2464593D726E}.Release|x64.Build.0 = Release|x64
		{0A4C2A64-5E03-4751-A6BF-2464593D726E}.Release|x86.ActiveCfg = Release|Win32
		{0A4C2A64-5E03-4751-A6BF-2464593D726E}.Release|x86.Build.0 = Release|Win32
		{3540CCBF-E72D-40E8-B460-6124B8DD0C50}.Debug|x64.ActiveCfg = Debug|x64
		{3540CCBF-E72D-40E8-B460-6124B8DD0C50}.Debug|x64.Build.0 = Debug|x64
		{3540CCBF-E72D-40E8-B460-6124B8DD0C50}.Debug|x86.ActiveCfg = Debug|Win32
		{3540CCBF-E72D-40E8-B460-6124B8DD0C50}.Debug|x86.Build.0 = Debug|Win32
		{3540CCBF-E72D-40E8-B460-6124B8DD0C50}.Release|x64.ActiveCfg = Release|x64
		{3540CCBF-E72D-40E8-B460-6124B8DD0C50}.Release|x64.Build.0 = Release|x64
		{3540CCBF-E72D-40E8-B460-6124B8DD0C50}.Release|x86.ActiveCfg = Release|Win32
		{3540CCBF-E72D-40E8-B460-6124B8DD0C50}.Release|x86.Build.0 = Release|Win32
	EndGlobalSection
	GlobalSection(SolutionProperties) = preSolution
		HideSolutionNode = FALSE
	EndGlobalSection
	GlobalSection(ExtensibilityGlobals) = postSolution
		SolutionGuid = {C5709CD7-DC9B-4897-A7DC-885E48FCA80A}
	EndGlobalSection
EndGlobal
